

GROUP blazor_deps
STORAGE: NONE
RESTRICTION: == net10.0
NUGET
  remote: https://api.nuget.org/v3/index.json
    Microsoft.AspNetCore.Authorization (10.0.12)
      Microsoft.AspNetCore.Metadata (>= 10.0.12)
      Microsoft.Extensions.Diagnostics (>= 10.0.12)
      Microsoft.Extensions.Logging.Abstractions (>= 10.0.12)
      Microsoft.Extensions.Options (>= 10.0.12)
    Microsoft.AspNetCore.Components (10.0.12)
      Microsoft.AspNetCore.Authorization (>= 10.0.12)
      Microsoft.AspNetCore.Components.Analyzers (>= 10.0.12)
    Microsoft.AspNetCore.Components.Analyzers (10.0.12)
    Microsoft.AspNetCore.Components.Forms (10.0.12)
      Microsoft.AspNetCore.Components (>= 10.0.12)
      Microsoft.Extensions.Validation (>= 10.0.12)
    Microsoft.AspNetCore.Components.Web (10.0.12)
      Microsoft.AspNetCore.Components (>= 10.0.12)
      Microsoft.AspNetCore.Components.Forms (>= 10.0.12)
      Microsoft.Extensions.DependencyInjection (>= 10.0.12)
      Microsoft.Extensions.Primitives (>= 10.0.12)
      Microsoft.JSInterop (>= 10.0.12)
    Microsoft.AspNetCore.Components.WebAssembly (10.0.12)
      Microsoft.AspNetCore.Components.Web (>= 10.0.12)
      Microsoft.Extensions.Configuration.Binder (>= 10.0.12)
      Microsoft.Extensions.Configuration.Json (>= 10.0.12)
      Microsoft.Extensions.Logging (>= 10.0.12)
      Microsoft.JSInterop.WebAssembly (>= 10.0.12)
    Microsoft.AspNetCore.Metadata (10.0.12)
    Microsoft.Extensions.Configuration (10.0.12)
      Microsoft.Extensions.Configuration.Abstractions (>= 10.0.12)
      Microsoft.Extensions.Primitives (>= 10.0.12)
    Microsoft.Extensions.Configuration.Abstractions (10.0.12)
      Microsoft.Extensions.Primitives (>= 10.0.12)
    Microsoft.Extensions.Configuration.Binder (10.0.12)
      Microsoft.Extensions.Configuration (>= 10.0.12)
      Microsoft.Extensions.Configuration.Abstractions (>= 10.0.12)
    Microsoft.Extensions.Configuration.FileExtensions (10.0.12)
      Microsoft.Extensions.Configuration (>= 10.0.12)
      Microsoft.Extensions.Configuration.Abstractions (>= 10.0.12)
      Microsoft.Extensions.FileProviders.Abstractions (>= 10.0.12)
      Microsoft.Extensions.FileProviders.Physical (>= 10.0.12)
      Microsoft.Extensions.Primitives (>= 10.0.12)
    Microsoft.Extensions.Configuration.Json (10.0.12)
      Microsoft.Extensions.Configuration (>= 10.0.12)
      Microsoft.Extensions.Configuration.Abstractions (>= 10.0.12)
      Microsoft.Extensions.Configuration.FileExtensions (>= 10.0.12)
      Microsoft.Extensions.FileProviders.Abstractions (>= 10.0.12)
    Microsoft.Extensions.DependencyInjection (10.0.12)
      Microsoft.Extensions.DependencyInjection.Abstractions (>= 10.0.12)
    Microsoft.Extensions.DependencyInjection.Abstractions (10.0.12)
    Microsoft.Extensions.Diagnostics (10.0.12)
      Microsoft.Extensions.Configuration (>= 10.0.12)
      Microsoft.Extensions.Diagnostics.Abstractions (>= 10.0.12)
      Microsoft.Extensions.Options.ConfigurationExtensions (>= 10.0.12)
    Microsoft.Extensions.Diagnostics.Abstractions (10.0.12)
      Microsoft.Extensions.DependencyInjection.Abstractions (>= 10.0.12)
      Microsoft.Extensions.Options (>= 10.0.12)
    Microsoft.Extensions.FileProviders.Abstractions (10.0.12)
      Microsoft.Extensions.Primitives (>= 10.0.12)
    Microsoft.Extensions.FileProviders.Physical (10.0.12)
      Microsoft.Extensions.FileProviders.Abstractions (>= 10.0.12)
      Microsoft.Extensions.FileSystemGlobbing (>= 10.0.12)
      Microsoft.Extensions.Primitives (>= 10.0.12)
    Microsoft.Extensions.FileSystemGlobbing (10.0.12)
    Microsoft.Extensions.Logging (10.0.12)
      Microsoft.Extensions.DependencyInjection (>= 10.0.12)
      Microsoft.Extensions.Logging.Abstractions (>= 10.0.12)
      Microsoft.Extensions.Options (>= 10.0.12)
    Microsoft.Extensions.Logging.Abstractions (10.0.12)
      Microsoft.Extensions.DependencyInjection.Abstractions (>= 10.0.12)
    Microsoft.Extensions.Options (10.0.12)
      Microsoft.Extensions.DependencyInjection.Abstractions (>= 10.0.12)
      Microsoft.Extensions.Primitives (>= 10.0.12)
    Microsoft.Extensions.Options.ConfigurationExtensions (10.0.12)
      Microsoft.Extensions.Configuration.Abstractions (>= 10.0.12)
      Microsoft.Extensions.Configuration.Binder (>= 10.0.12)
      Microsoft.Extensions.DependencyInjection.Abstractions (>= 10.0.12)
      Microsoft.Extensions.Options (>= 10.0.12)
      Microsoft.Extensions.Primitives (>= 10.0.12)
    Microsoft.Extensions.Primitives (10.0.12)
    Microsoft.Extensions.Validation (10.0.12)
      Microsoft.Extensions.DependencyInjection.Abstractions (>= 10.0.12)
      Microsoft.Extensions.Options (>= 10.0.12)
    Microsoft.JSInterop (10.0.12)
    Microsoft.JSInterop.WebAssembly (10.0.12)
      Microsoft.JSInterop (>= 10.0.12)

GROUP bolero_deps
STORAGE: NONE
RESTRICTION: == net10.0
NUGET
  remote: https://api.nuget.org/v3/index.json
    Bolero (0.25.65)
      Elmish (>= 4.0.1 < 5.0)
      FSharp.Core (>= 8.0)
      FSharp.SystemTextJson (>= 0.19.13)
      Microsoft.AspNetCore.Components (>= 10.0)
      Microsoft.AspNetCore.Components.WebAssembly (>= 10.0)
      Microsoft.Extensions.Http (>= 10.0)
      Microsoft.JSInterop.WebAssembly (>= 10.0)
    Elmish (4.4)
    FSharp.Core (10.1.401)
    FSharp.SystemTextJson (1.4.36)
      FSharp.Core (>= 4.7)
      System.Text.Json (>= 6.0.10)
    Microsoft.AspNetCore.Authorization (10.0.12)
      Microsoft.AspNetCore.Metadata (>= 10.0.12)
      Microsoft.Extensions.Diagnostics (>= 10.0.12)
      Microsoft.Extensions.Logging.Abstractions (>= 10.0.12)
      Microsoft.Extensions.Options (>= 10.0.12)
    Microsoft.AspNetCore.Components (10.0.12)
      Microsoft.AspNetCore.Authorization (>= 10.0.12)
      Microsoft.AspNetCore.Components.Analyzers (>= 10.0.12)
    Microsoft.AspNetCore.Components.Analyzers (10.0.12)
    Microsoft.AspNetCore.Components.Forms (10.0.12)
      Microsoft.AspNetCore.Components (>= 10.0.12)
      Microsoft.Extensions.Validation (>= 10.0.12)
    Microsoft.AspNetCore.Components.Web (10.0.12)
      Microsoft.AspNetCore.Components (>= 10.0.12)
      Microsoft.AspNetCore.Components.Forms (>= 10.0.12)
      Microsoft.Extensions.DependencyInjection (>= 10.0.12)
      Microsoft.Extensions.Primitives (>= 10.0.12)
      Microsoft.JSInterop (>= 10.0.12)
    Microsoft.AspNetCore.Components.WebAssembly (10.0.12)
      Microsoft.AspNetCore.Components.Web (>= 10.0.12)
      Microsoft.Extensions.Configuration.Binder (>= 10.0.12)
      Microsoft.Extensions.Configuration.Json (>= 10.0.12)
      Microsoft.Extensions.Logging (>= 10.0.12)
      Microsoft.JSInterop.WebAssembly (>= 10.0.12)
    Microsoft.AspNetCore.Metadata (10.0.12)
    Microsoft.Extensions.Configuration (10.0.12)
      Microsoft.Extensions.Configuration.Abstractions (>= 10.0.12)
      Microsoft.Extensions.Primitives (>= 10.0.12)
    Microsoft.Extensions.Configuration.Abstractions (10.0.12)
      Microsoft.Extensions.Primitives (>= 10.0.12)
    Microsoft.Extensions.Configuration.Binder (10.0.12)
      Microsoft.Extensions.Configuration (>= 10.0.12)
      Microsoft.Extensions.Configuration.Abstractions (>= 10.0.12)
    Microsoft.Extensions.Configuration.FileExtensions (10.0.12)
      Microsoft.Extensions.Configuration (>= 10.0.12)
      Microsoft.Extensions.Configuration.Abstractions (>= 10.0.12)
      Microsoft.Extensions.FileProviders.Abstractions (>= 10.0.12)
      Microsoft.Extensions.FileProviders.Physical (>= 10.0.12)
      Microsoft.Extensions.Primitives (>= 10.0.12)
    Microsoft.Extensions.Configuration.Json (10.0.12)
      Microsoft.Extensions.Configuration (>= 10.0.12)
      Microsoft.Extensions.Configuration.Abstractions (>= 10.0.12)
      Microsoft.Extensions.Configuration.FileExtensions (>= 10.0.12)
      Microsoft.Extensions.FileProviders.Abstractions (>= 10.0.12)
    Microsoft.Extensions.DependencyInjection (10.0.12)
      Microsoft.Extensions.DependencyInjection.Abstractions (>= 10.0.12)
    Microsoft.Extensions.DependencyInjection.Abstractions (10.0.12)
    Microsoft.Extensions.Diagnostics (10.0.12)
      Microsoft.Extensions.Configuration (>= 10.0.12)
      Microsoft.Extensions.Diagnostics.Abstractions (>= 10.0.12)
      Microsoft.Extensions.Options.ConfigurationExtensions (>= 10.0.12)
    Microsoft.Extensions.Diagnostics.Abstractions (10.0.12)
      Microsoft.Extensions.DependencyInjection.Abstractions (>= 10.0.12)
      Microsoft.Extensions.Options (>= 10.0.12)
    Microsoft.Extensions.FileProviders.Abstractions (10.0.12)
      Microsoft.Extensions.Primitives (>= 10.0.12)
    Microsoft.Extensions.FileProviders.Physical (10.0.12)
      Microsoft.Extensions.FileProviders.Abstractions (>= 10.0.12)
      Microsoft.Extensions.FileSystemGlobbing (>= 10.0.12)
      Microsoft.Extensions.Primitives (>= 10.0.12)
    Microsoft.Extensions.FileSystemGlobbing (10.0.12)
    Microsoft.Extensions.Http (10.0.12)
      Microsoft.Extensions.Configuration.Abstractions (>= 10.0.12)
      Microsoft.Extensions.DependencyInjection.Abstractions (>= 10.0.12)
      Microsoft.Extensions.Diagnostics (>= 10.0.12)
      Microsoft.Extensions.Logging (>= 10.0.12)
      Microsoft.Extensions.Logging.Abstractions (>= 10.0.12)
      Microsoft.Extensions.Options (>= 10.0.12)
    Microsoft.Extensions.Logging (10.0.12)
      Microsoft.Extensions.DependencyInjection (>= 10.0.12)
      Microsoft.Extensions.Logging.Abstractions (>= 10.0.12)
      Microsoft.Extensions.Options (>= 10.0.12)
    Microsoft.Extensions.Logging.Abstractions (10.0.12)
      Microsoft.Extensions.DependencyInjection.Abstractions (>= 10.0.12)
    Microsoft.Extensions.Options (10.0.12)
      Microsoft.Extensions.DependencyInjection.Abstractions (>= 10.0.12)
      Microsoft.Extensions.Primitives (>= 10.0.12)
    Microsoft.Extensions.Options.ConfigurationExtensions (10.0.12)
      Microsoft.Extensions.Configuration.Abstractions (>= 10.0.12)
      Microsoft.Extensions.Configuration.Binder (>= 10.0.12)
      Microsoft.Extensions.DependencyInjection.Abstractions (>= 10.0.12)
      Microsoft.Extensions.Options (>= 10.0.12)
      Microsoft.Extensions.Primitives (>= 10.0.12)
    Microsoft.Extensions.Primitives (10.0.12)
    Microsoft.Extensions.Validation (10.0.12)
      Microsoft.Extensions.DependencyInjection.Abstractions (>= 10.0.12)
      Microsoft.Extensions.Options (>= 10.0.12)
    Microsoft.JSInterop (10.0.12)
    Microsoft.JSInterop.WebAssembly (10.0.12)
      Microsoft.JSInterop (>= 10.0.12)
    System.Text.Json (10.0.12)

GROUP example_deps
STORAGE: NONE
RESTRICTION: || (== net9.0) (== netstandard2.0)
NUGET
  remote: https://api.nuget.org/v3/index.json
    Expecto (9.0.4)
      FSharp.Core (>= 4.6)
      Mono.Cecil (>= 0.11.3)
    FSharp.Core (10.1.401)
    FSharp.Data (5.0.2)
      FSharp.Core (>= 5.0.1)
    Microsoft.CodeAnalysis.Analyzers (3.3.4)
    Microsoft.CodeAnalysis.Common (4.9.2)
      Microsoft.CodeAnalysis.Analyzers (>= 3.3.4)
      System.Collections.Immutable (>= 8.0)
      System.Memory (>= 4.5.5) - restriction: || (&& (== net9.0) (< net6.0)) (== netstandard2.0)
      System.Reflection.Metadata (>= 8.0)
      System.Runtime.CompilerServices.Unsafe (>= 6.0)
      System.Text.Encoding.CodePages (>= 8.0) - restriction: || (&& (== net9.0) (< net6.0)) (== netstandard2.0)
      System.Threading.Tasks.Extensions (>= 4.5.4) - restriction: || (&& (== net9.0) (< net6.0)) (== netstandard2.0)
    Microsoft.CodeAnalysis.CSharp (4.9.2)
      Microsoft.CodeAnalysis.Common (4.9.2)
    Mono.Cecil (0.11.4)
    System.Buffers (4.5.1) - restriction: || (&& (== net9.0) (>= monotouch)) (&& (== net9.0) (>= net461)) (&& (== net9.0) (< net6.0) (>= xamarinios)) (&& (== net9.0) (< net6.0) (>= xamarinmac)) (&& (== net9.0) (< net6.0) (>= xamarintvos)) (&& (== net9.0) (< net6.0) (>= xamarinwatchos)) (&& (== net9.0) (< netcoreapp2.0)) (&& (== net9.0) (< netstandard1.1)) (&& (== net9.0) (< netstandard2.0)) (== netstandard2.0)
    System.Collections.Immutable (8.0)
      System.Memory (>= 4.5.5) - restriction: || (&& (== net9.0) (>= net462)) (&& (== net9.0) (< net6.0)) (== netstandard2.0)
      System.Runtime.CompilerServices.Unsafe (>= 6.0) - restriction: || (&& (== net9.0) (>= net462)) (&& (== net9.0) (< net6.0)) (&& (== net9.0) (< net7.0)) (== netstandard2.0)
    System.Memory (4.5.5) - restriction: || (&& (== net9.0) (< net6.0)) (== netstandard2.0)
      System.Buffers (>= 4.5.1) - restriction: || (&& (== net9.0) (>= monotouch)) (&& (== net9.0) (>= net461)) (&& (== net9.0) (< netcoreapp2.0)) (&& (== net9.0) (< netstandard1.1)) (&& (== net9.0) (< netstandard2.0)) (&& (== net9.0) (>= xamarinios)) (&& (== net9.0) (>= xamarinmac)) (&& (== net9.0) (>= xamarintvos)) (&& (== net9.0) (>= xamarinwatchos)) (== netstandard2.0)
      System.Numerics.Vectors (>= 4.4) - restriction: || (&& (== net9.0) (< netcoreapp2.0)) (== netstandard2.0)
      System.Runtime.CompilerServices.Unsafe (>= 4.5.3) - restriction: || (&& (== net9.0) (>= monotouch)) (&& (== net9.0) (>= net461)) (&& (== net9.0) (< netcoreapp2.0)) (&& (== net9.0) (< netcoreapp2.1)) (&& (== net9.0) (< netstandard1.1)) (&& (== net9.0) (< netstandard2.0)) (&& (== net9.0) (>= uap10.1)) (&& (== net9.0) (>= xamarinios)) (&& (== net9.0) (>= xamarinmac)) (&& (== net9.0) (>= xamarintvos)) (&& (== net9.0) (>= xamarinwatchos)) (== netstandard2.0)
    System.Numerics.Vectors (4.5) - restriction: || (&& (== net9.0) (< netcoreapp2.0)) (== netstandard2.0)
    System.Reflection.Metadata (8.0)
      System.Collections.Immutable (>= 8.0)
      System.Memory (>= 4.5.5) - restriction: || (&& (== net9.0) (>= net462)) (&& (== net9.0) (< net6.0)) (== netstandard2.0)
    System.Runtime.CompilerServices.Unsafe (6.0)
    System.Text.Encoding.CodePages (8.0) - restriction: || (&& (== net9.0) (< net6.0)) (== netstandard2.0)
      System.Memory (>= 4.5.5) - restriction: || (&& (== net9.0) (>= net462)) (&& (== net9.0) (< net6.0)) (== netstandard2.0)
      System.Runtime.CompilerServices.Unsafe (>= 6.0) - restriction: || (&& (== net9.0) (>= net462)) (&& (== net9.0) (< net6.0)) (&& (== net9.0) (< net7.0)) (== netstandard2.0)
    System.Threading.Tasks.Extensions (4.5.4) - restriction: || (&& (== net9.0) (< net6.0)) (== netstandard2.0)
      System.Runtime.CompilerServices.Unsafe (>= 4.5.3) - restriction: || (&& (== net9.0) (>= net461)) (&& (== net9.0) (< netcoreapp2.1)) (&& (== net9.0) (< netstandard1.0)) (&& (== net9.0) (< netstandard2.0)) (&& (== net9.0) (>= wp8)) (== netstandard2.0)
